
Microsoft Visual Studio Solution File, Format Version 12.00
# Visual Studio Version 17
VisualStudioVersion = 17.5.33502.453
MinimumVisualStudioVersion = 10.0.40219.1
Project("{2150E333-8FDC-42A3-9474-1A3956D46DE8}") = "Frontend", "Frontend", "{63DCD4C1-1176-44B6-AC89-C9A1CFDFC2AD}"
EndProject
Project("{2150E333-8FDC-42A3-9474-1A3956D46DE8}") = "Core", "Core", "{731EF08D-5244-409A-93EB-0800C46793F5}"
EndProject
Project("{2150E333-8FDC-42A3-9474-1A3956D46DE8}") = "Infrastructure", "Infrastructure", "{D73CA493-AC10-4046-B95C-E8BDD42061C3}"
EndProject
Project("{9A19103F-16F7-4668-BE54-9A1E7A4F7556}") = "NeZovi.WebApi", "src\NeZovi.WebApi\NeZovi.WebApi.csproj", "{4D37BEF1-2577-484A-A673-14E12852B1EA}"
EndProject
Project("{FAE04EC0-301F-11D3-BF4B-00C04F79EFBC}") = "NeZovi.Domain", "src\NeZovi.Domain\NeZovi.Domain.csproj", "{CE636DBE-B1DB-494A-BC6A-529FBAA0AFCD}"
EndProject
Project("{FAE04EC0-301F-11D3-BF4B-00C04F79EFBC}") = "NeZovi.Application", "src\NeZovi.Application\NeZovi.Application.csproj", "{43730858-F557-4C52-93D1-5F881C156A96}"
EndProject
Project("{FAE04EC0-301F-11D3-BF4B-00C04F79EFBC}") = "NeZovi.Migrations.Ef", "src\NeZovi.Migrations.Ef\NeZovi.Migrations.Ef.csproj", "{447D6E39-E111-4CBC-B8F9-7DBF6FB6612E}"
EndProject
Project("{9A19103F-16F7-4668-BE54-9A1E7A4F7556}") = "NeZovi.Persistence.Ef", "src\NeZovi.Persistence.Ef\NeZovi.Persistence.Ef.csproj", "{9E2F72F2-D210-4ED1-82A0-14F2374964E8}"
EndProject
Project("{2150E333-8FDC-42A3-9474-1A3956D46DE8}") = "src", "src", "{A2BD3D0F-5FF9-410C-95F6-DAD884527E32}"
EndProject
Project("{2150E333-8FDC-42A3-9474-1A3956D46DE8}") = "test", "test", "{906A835F-FB79-4049-80FD-E2034DBABAFC}"
EndProject
Project("{FAE04EC0-301F-11D3-BF4B-00C04F79EFBC}") = "NeZovi.UnitTests", "test\NeZovi.UnitTests\NeZovi.UnitTests.csproj", "{1E37349B-8093-4037-8CBC-7E82F83437E0}"
EndProject
Project("{FAE04EC0-301F-11D3-BF4B-00C04F79EFBC}") = "NeZovi.IntegrationTests", "test\NeZovi.IntegrationTests\NeZovi.IntegrationTests.csproj", "{AA6B91C9-8500-43FB-B0EE-AD245336FAE9}"
EndProject
Project("{FAE04EC0-301F-11D3-BF4B-00C04F79EFBC}") = "NeZovi.Composition", "src\NeZovi.Composition\NeZovi.Composition.csproj", "{93B794F3-971D-49F2-9054-359332E45997}"
EndProject
Global
	GlobalSection(SolutionConfigurationPlatforms) = preSolution
		Debug|Any CPU = Debug|Any CPU
		Release|Any CPU = Release|Any CPU
	EndGlobalSection
	GlobalSection(ProjectConfigurationPlatforms) = postSolution
		{4D37BEF1-2577-484A-A673-14E12852B1EA}.Debug|Any CPU.ActiveCfg = Debug|Any CPU
		{4D37BEF1-2577-484A-A673-14E12852B1EA}.Debug|Any CPU.Build.0 = Debug|Any CPU
		{4D37BEF1-2577-484A-A673-14E12852B1EA}.Release|Any CPU.ActiveCfg = Release|Any CPU
		{4D37BEF1-2577-484A-A673-14E12852B1EA}.Release|Any CPU.Build.0 = Release|Any CPU
		{CE636DBE-B1DB-494A-BC6A-529FBAA0AFCD}.Debug|Any CPU.ActiveCfg = Debug|Any CPU
		{CE636DBE-B1DB-494A-BC6A-529FBAA0AFCD}.Debug|Any CPU.Build.0 = Debug|Any CPU
		{CE636DBE-B1DB-494A-BC6A-529FBAA0AFCD}.Release|Any CPU.ActiveCfg = Release|Any CPU
		{CE636DBE-B1DB-494A-BC6A-529FBAA0AFCD}.Release|Any CPU.Build.0 = Release|Any CPU
		{43730858-F557-4C52-93D1-5F881C156A96}.Debug|Any CPU.ActiveCfg = Debug|Any CPU
		{43730858-F557-4C52-93D1-5F881C156A96}.Debug|Any CPU.Build.0 = Debug|Any CPU
		{43730858-F557-4C52-93D1-5F881C156A96}.Release|Any CPU.ActiveCfg = Release|Any CPU
		{43730858-F557-4C52-93D1-5F881C156A96}.Release|Any CPU.Build.0 = Release|Any CPU
		{447D6E39-E111-4CBC-B8F9-7DBF6FB6612E}.Debug|Any CPU.ActiveCfg = Debug|Any CPU
		{447D6E39-E111-4CBC-B8F9-7DBF6FB6612E}.Debug|Any CPU.Build.0 = Debug|Any CPU
		{447D6E39-E111-4CBC-B8F9-7DBF6FB6612E}.Release|Any CPU.ActiveCfg = Release|Any CPU
		{447D6E39-E111-4CBC-B8F9-7DBF6FB6612E}.Release|Any CPU.Build.0 = Release|Any CPU
		{9E2F72F2-D210-4ED1-82A0-14F2374964E8}.Debug|Any CPU.ActiveCfg = Debug|Any CPU
		{9E2F72F2-D210-4ED1-82A0-14F2374964E8}.Debug|Any CPU.Build.0 = Debug|Any CPU
		{9E2F72F2-D210-4ED1-82A0-14F2374964E8}.Release|Any CPU.ActiveCfg = Release|Any CPU
		{9E2F72F2-D210-4ED1-82A0-14F2374964E8}.Release|Any CPU.Build.0 = Release|Any CPU
		{1E37349B-8093-4037-8CBC-7E82F83437E0}.Debug|Any CPU.ActiveCfg = Debug|Any CPU
		{1E37349B-8093-4037-8CBC-7E82F83437E0}.Debug|Any CPU.Build.0 = Debug|Any CPU
		{1E37349B-8093-4037-8CBC-7E82F83437E0}.Release|Any CPU.ActiveCfg = Release|Any CPU
		{1E37349B-8093-4037-8CBC-7E82F83437E0}.Release|Any CPU.Build.0 = Release|Any CPU
		{AA6B91C9-8500-43FB-B0EE-AD245336FAE9}.Debug|Any CPU.ActiveCfg = Debug|Any CPU
		{AA6B91C9-8500-43FB-B0EE-AD245336FAE9}.Debug|Any CPU.Build.0 = Debug|Any CPU
		{AA6B91C9-8500-43FB-B0EE-AD245336FAE9}.Release|Any CPU.ActiveCfg = Release|Any CPU
		{AA6B91C9-8500-43FB-B0EE-AD245336FAE9}.Release|Any CPU.Build.0 = Release|Any CPU
		{93B794F3-971D-49F2-9054-359332E45997}.Debug|Any CPU.ActiveCfg = Debug|Any CPU
		{93B794F3-971D-49F2-9054-359332E45997}.Debug|Any CPU.Build.0 = Debug|Any CPU
		{93B794F3-971D-49F2-9054-359332E45997}.Release|Any CPU.ActiveCfg = Release|Any CPU
		{93B794F3-971D-49F2-9054-359332E45997}.Release|Any CPU.Build.0 = Release|Any CPU
	EndGlobalSection
	GlobalSection(SolutionProperties) = preSolution
		HideSolutionNode = FALSE
	EndGlobalSection
	GlobalSection(NestedProjects) = preSolution
		{63DCD4C1-1176-44B6-AC89-C9A1CFDFC2AD} = {A2BD3D0F-5FF9-410C-95F6-DAD884527E32}
		{731EF08D-5244-409A-93EB-0800C46793F5} = {A2BD3D0F-5FF9-410C-95F6-DAD884527E32}
		{D73CA493-AC10-4046-B95C-E8BDD42061C3} = {A2BD3D0F-5FF9-410C-95F6-DAD884527E32}
		{4D37BEF1-2577-484A-A673-14E12852B1EA} = {63DCD4C1-1176-44B6-AC89-C9A1CFDFC2AD}
		{CE636DBE-B1DB-494A-BC6A-529FBAA0AFCD} = {731EF08D-5244-409A-93EB-0800C46793F5}
		{43730858-F557-4C52-93D1-5F881C156A96} = {731EF08D-5244-409A-93EB-0800C46793F5}
		{447D6E39-E111-4CBC-B8F9-7DBF6FB6612E} = {D73CA493-AC10-4046-B95C-E8BDD42061C3}
		{9E2F72F2-D210-4ED1-82A0-14F2374964E8} = {D73CA493-AC10-4046-B95C-E8BDD42061C3}
		{1E37349B-8093-4037-8CBC-7E82F83437E0} = {906A835F-FB79-4049-80FD-E2034DBABAFC}
		{AA6B91C9-8500-43FB-B0EE-AD245336FAE9} = {906A835F-FB79-4049-80FD-E2034DBABAFC}
		{93B794F3-971D-49F2-9054-359332E45997} = {A2BD3D0F-5FF9-410C-95F6-DAD884527E32}
	EndGlobalSection
	GlobalSection(ExtensibilityGlobals) = postSolution
		SolutionGuid = {86387C1F-A172-4F06-9570-BA1BC8EFB8FC}
	EndGlobalSection
EndGlobal
