
Microsoft Visual Studio Solution File, Format Version 12.00
# Visual Studio Version 17
VisualStudioVersion = 17.5.33502.453
MinimumVisualStudioVersion = 10.0.40219.1
Project("{2150E333-8FDC-42A3-9474-1A3956D46DE8}") = "Frontend", "Frontend", "{63DCD4C1-1176-44B6-AC89-C9A1CFDFC2AD}"
EndProject
Project("{2150E333-8FDC-42A3-9474-1A3956D46DE8}") = "Core", "Core", "{731EF08D-5244-409A-93EB-0800C46793F5}"
EndProject
Project("{2150E333-8FDC-42A3-9474-1A3956D46DE8}") = "Infrastructure", "Infrastructure", "{D73CA493-AC10-4046-B95C-E8BDD42061C3}"
EndProject
Project("{2150E333-8FDC-42A3-9474-1A3956D46DE8}") = "src", "src", "{A2BD3D0F-5FF9-410C-95F6-DAD884527E32}"
EndProject
Project("{2150E333-8FDC-42A3-9474-1A3956D46DE8}") = "test", "test", "{906A835F-FB79-4049-80FD-E2034DBABAFC}"
EndProject
Project("{9A19103F-16F7-4668-BE54-9A1E7A4F7556}") = "NeZoviReg.IntegrationTests", "test\NeZoviReg.IntegrationTests\NeZoviReg.IntegrationTests.csproj", "{65A0C15F-02B4-4DF6-A81F-F463AFBCB7A1}"
EndProject
Project("{9A19103F-16F7-4668-BE54-9A1E7A4F7556}") = "NeZoviReg.UnitTests", "test\NeZoviReg.UnitTests\NeZoviReg.UnitTests.csproj", "{08E3EE24-E7B8-499C-B475-F093163E24B6}"
EndProject
Project("{9A19103F-16F7-4668-BE54-9A1E7A4F7556}") = "NeZoviReg.Abstractions", "src\NeZoviReg.Abstractions\NeZoviReg.Abstractions.csproj", "{3A5248C2-F006-4115-B596-C5272281DFEF}"
EndProject
Project("{9A19103F-16F7-4668-BE54-9A1E7A4F7556}") = "NeZoviReg.Auth", "src\NeZoviReg.Auth\NeZoviReg.Auth.csproj", "{300ECAA4-B020-4924-91C7-B1EC2E89D844}"
EndProject
Project("{9A19103F-16F7-4668-BE54-9A1E7A4F7556}") = "NeZoviReg.Domain", "src\NeZoviReg.Domain\NeZoviReg.Domain.csproj", "{B5DB979F-8821-4AE7-8EB6-625602783E92}"
EndProject
Project("{9A19103F-16F7-4668-BE54-9A1E7A4F7556}") = "NeZoviReg.Application", "src\NeZoviReg.Application\NeZoviReg.Application.csproj", "{2C310D29-FF78-454A-95A6-6AC1C01D02F0}"
EndProject
Project("{9A19103F-16F7-4668-BE54-9A1E7A4F7556}") = "NeZoviReg.WebApi", "src\NeZoviReg.WebApi\NeZoviReg.WebApi.csproj", "{A9FC23E3-80D8-4B12-94A3-1ACC200D42C3}"
EndProject
Project("{9A19103F-16F7-4668-BE54-9A1E7A4F7556}") = "NeZoviReg.Composition", "src\NeZoviReg.Composition\NeZoviReg.Composition.csproj", "{30F6519C-9E69-4374-98CD-FAE465E6D110}"
EndProject
Project("{9A19103F-16F7-4668-BE54-9A1E7A4F7556}") = "NeZoviReg.Migrations.Ef", "src\NeZoviReg.Migrations.Ef\NeZoviReg.Migrations.Ef.csproj", "{D22946F1-E542-4209-BC68-60DFB7C2282B}"
EndProject
Project("{9A19103F-16F7-4668-BE54-9A1E7A4F7556}") = "NeZoviReg.Persistence.Ef", "src\NeZoviReg.Persistence.Ef\NeZoviReg.Persistence.Ef.csproj", "{F8C2106A-2C75-47DE-AADF-53C46B7CA36B}"
EndProject
Project("{9A19103F-16F7-4668-BE54-9A1E7A4F7556}") = "NeZoviReg.Quartz", "src\NeZoviReg.Quartz\NeZoviReg.Quartz.csproj", "{B0C7051E-010F-4CC7-B075-D17D98A58234}"
EndProject
Project("{2150E333-8FDC-42A3-9474-1A3956D46DE8}") = "Solution Items", "Solution Items", "{007E2842-0CF2-4400-BC90-CBE77EE33E12}"
	ProjectSection(SolutionItems) = preProject
		Directory.Build.props = Directory.Build.props
	EndProjectSection
EndProject
Global
	GlobalSection(SolutionConfigurationPlatforms) = preSolution
		Debug|Any CPU = Debug|Any CPU
		Release|Any CPU = Release|Any CPU
	EndGlobalSection
	GlobalSection(ProjectConfigurationPlatforms) = postSolution
		{65A0C15F-02B4-4DF6-A81F-F463AFBCB7A1}.Debug|Any CPU.ActiveCfg = Debug|Any CPU
		{65A0C15F-02B4-4DF6-A81F-F463AFBCB7A1}.Debug|Any CPU.Build.0 = Debug|Any CPU
		{65A0C15F-02B4-4DF6-A81F-F463AFBCB7A1}.Release|Any CPU.ActiveCfg = Release|Any CPU
		{65A0C15F-02B4-4DF6-A81F-F463AFBCB7A1}.Release|Any CPU.Build.0 = Release|Any CPU
		{08E3EE24-E7B8-499C-B475-F093163E24B6}.Debug|Any CPU.ActiveCfg = Debug|Any CPU
		{08E3EE24-E7B8-499C-B475-F093163E24B6}.Debug|Any CPU.Build.0 = Debug|Any CPU
		{08E3EE24-E7B8-499C-B475-F093163E24B6}.Release|Any CPU.ActiveCfg = Release|Any CPU
		{08E3EE24-E7B8-499C-B475-F093163E24B6}.Release|Any CPU.Build.0 = Release|Any CPU
		{3A5248C2-F006-4115-B596-C5272281DFEF}.Debug|Any CPU.ActiveCfg = Debug|Any CPU
		{3A5248C2-F006-4115-B596-C5272281DFEF}.Debug|Any CPU.Build.0 = Debug|Any CPU
		{3A5248C2-F006-4115-B596-C5272281DFEF}.Release|Any CPU.ActiveCfg = Release|Any CPU
		{3A5248C2-F006-4115-B596-C5272281DFEF}.Release|Any CPU.Build.0 = Release|Any CPU
		{300ECAA4-B020-4924-91C7-B1EC2E89D844}.Debug|Any CPU.ActiveCfg = Debug|Any CPU
		{300ECAA4-B020-4924-91C7-B1EC2E89D844}.Debug|Any CPU.Build.0 = Debug|Any CPU
		{300ECAA4-B020-4924-91C7-B1EC2E89D844}.Release|Any CPU.ActiveCfg = Release|Any CPU
		{300ECAA4-B020-4924-91C7-B1EC2E89D844}.Release|Any CPU.Build.0 = Release|Any CPU
		{B5DB979F-8821-4AE7-8EB6-625602783E92}.Debug|Any CPU.ActiveCfg = Debug|Any CPU
		{B5DB979F-8821-4AE7-8EB6-625602783E92}.Debug|Any CPU.Build.0 = Debug|Any CPU
		{B5DB979F-8821-4AE7-8EB6-625602783E92}.Release|Any CPU.ActiveCfg = Release|Any CPU
		{B5DB979F-8821-4AE7-8EB6-625602783E92}.Release|Any CPU.Build.0 = Release|Any CPU
		{2C310D29-FF78-454A-95A6-6AC1C01D02F0}.Debug|Any CPU.ActiveCfg = Debug|Any CPU
		{2C310D29-FF78-454A-95A6-6AC1C01D02F0}.Debug|Any CPU.Build.0 = Debug|Any CPU
		{2C310D29-FF78-454A-95A6-6AC1C01D02F0}.Release|Any CPU.ActiveCfg = Release|Any CPU
		{2C310D29-FF78-454A-95A6-6AC1C01D02F0}.Release|Any CPU.Build.0 = Release|Any CPU
		{A9FC23E3-80D8-4B12-94A3-1ACC200D42C3}.Debug|Any CPU.ActiveCfg = Debug|Any CPU
		{A9FC23E3-80D8-4B12-94A3-1ACC200D42C3}.Debug|Any CPU.Build.0 = Debug|Any CPU
		{A9FC23E3-80D8-4B12-94A3-1ACC200D42C3}.Release|Any CPU.ActiveCfg = Release|Any CPU
		{A9FC23E3-80D8-4B12-94A3-1ACC200D42C3}.Release|Any CPU.Build.0 = Release|Any CPU
		{30F6519C-9E69-4374-98CD-FAE465E6D110}.Debug|Any CPU.ActiveCfg = Debug|Any CPU
		{30F6519C-9E69-4374-98CD-FAE465E6D110}.Debug|Any CPU.Build.0 = Debug|Any CPU
		{30F6519C-9E69-4374-98CD-FAE465E6D110}.Release|Any CPU.ActiveCfg = Release|Any CPU
		{30F6519C-9E69-4374-98CD-FAE465E6D110}.Release|Any CPU.Build.0 = Release|Any CPU
		{D22946F1-E542-4209-BC68-60DFB7C2282B}.Debug|Any CPU.ActiveCfg = Debug|Any CPU
		{D22946F1-E542-4209-BC68-60DFB7C2282B}.Debug|Any CPU.Build.0 = Debug|Any CPU
		{D22946F1-E542-4209-BC68-60DFB7C2282B}.Release|Any CPU.ActiveCfg = Release|Any CPU
		{D22946F1-E542-4209-BC68-60DFB7C2282B}.Release|Any CPU.Build.0 = Release|Any CPU
		{F8C2106A-2C75-47DE-AADF-53C46B7CA36B}.Debug|Any CPU.ActiveCfg = Debug|Any CPU
		{F8C2106A-2C75-47DE-AADF-53C46B7CA36B}.Debug|Any CPU.Build.0 = Debug|Any CPU
		{F8C2106A-2C75-47DE-AADF-53C46B7CA36B}.Release|Any CPU.ActiveCfg = Release|Any CPU
		{F8C2106A-2C75-47DE-AADF-53C46B7CA36B}.Release|Any CPU.Build.0 = Release|Any CPU
		{B0C7051E-010F-4CC7-B075-D17D98A58234}.Debug|Any CPU.ActiveCfg = Debug|Any CPU
		{B0C7051E-010F-4CC7-B075-D17D98A58234}.Debug|Any CPU.Build.0 = Debug|Any CPU
		{B0C7051E-010F-4CC7-B075-D17D98A58234}.Release|Any CPU.ActiveCfg = Release|Any CPU
		{B0C7051E-010F-4CC7-B075-D17D98A58234}.Release|Any CPU.Build.0 = Release|Any CPU
	EndGlobalSection
	GlobalSection(SolutionProperties) = preSolution
		HideSolutionNode = FALSE
	EndGlobalSection
	GlobalSection(NestedProjects) = preSolution
		{63DCD4C1-1176-44B6-AC89-C9A1CFDFC2AD} = {A2BD3D0F-5FF9-410C-95F6-DAD884527E32}
		{731EF08D-5244-409A-93EB-0800C46793F5} = {A2BD3D0F-5FF9-410C-95F6-DAD884527E32}
		{D73CA493-AC10-4046-B95C-E8BDD42061C3} = {A2BD3D0F-5FF9-410C-95F6-DAD884527E32}
		{65A0C15F-02B4-4DF6-A81F-F463AFBCB7A1} = {906A835F-FB79-4049-80FD-E2034DBABAFC}
		{08E3EE24-E7B8-499C-B475-F093163E24B6} = {906A835F-FB79-4049-80FD-E2034DBABAFC}
		{3A5248C2-F006-4115-B596-C5272281DFEF} = {731EF08D-5244-409A-93EB-0800C46793F5}
		{300ECAA4-B020-4924-91C7-B1EC2E89D844} = {731EF08D-5244-409A-93EB-0800C46793F5}
		{B5DB979F-8821-4AE7-8EB6-625602783E92} = {731EF08D-5244-409A-93EB-0800C46793F5}
		{2C310D29-FF78-454A-95A6-6AC1C01D02F0} = {731EF08D-5244-409A-93EB-0800C46793F5}
		{A9FC23E3-80D8-4B12-94A3-1ACC200D42C3} = {63DCD4C1-1176-44B6-AC89-C9A1CFDFC2AD}
		{30F6519C-9E69-4374-98CD-FAE465E6D110} = {A2BD3D0F-5FF9-410C-95F6-DAD884527E32}
		{D22946F1-E542-4209-BC68-60DFB7C2282B} = {D73CA493-AC10-4046-B95C-E8BDD42061C3}
		{F8C2106A-2C75-47DE-AADF-53C46B7CA36B} = {D73CA493-AC10-4046-B95C-E8BDD42061C3}
		{B0C7051E-010F-4CC7-B075-D17D98A58234} = {D73CA493-AC10-4046-B95C-E8BDD42061C3}
	EndGlobalSection
	GlobalSection(ExtensibilityGlobals) = postSolution
		SolutionGuid = {86387C1F-A172-4F06-9570-BA1BC8EFB8FC}
	EndGlobalSection
EndGlobal
